
Microsoft Visual Studio Solution File, Format Version 12.00
# Visual Studio Version 16
VisualStudioVersion = 16.0.30611.23
MinimumVisualStudioVersion = 10.0.40219.1
Project("{9A19103F-16F7-4668-BE54-9A1E7A4F7556}") = "GoogleTranslateApi", "GoogleTranslateApi\GoogleTranslateApi.csproj", "{050DF079-358A-42AE-B2EB-DD479D1D360E}"
EndProject
Project("{9A19103F-16F7-4668-BE54-9A1E7A4F7556}") = "GoogleTranslateApi.Tests", "GoogleTranslateApi.Tests\GoogleTranslateApi.Tests.csproj", "{9DBF1AE1-7712-4906-ACD2-03C13CB6470E}"
EndProject
Project("{2150E333-8FDC-42A3-9474-1A3956D46DE8}") = "assets", "assets", "{61F36B34-2644-44FB-8089-C9FFEC493421}"
	ProjectSection(SolutionItems) = preProject
		.editorconfig = .editorconfig
		LICENSE = LICENSE
		NuGet.config = NuGet.config
	EndProjectSection
EndProject
Global
	GlobalSection(SolutionConfigurationPlatforms) = preSolution
		Debug|Any CPU = Debug|Any CPU
		Release|Any CPU = Release|Any CPU
	EndGlobalSection
	GlobalSection(ProjectConfigurationPlatforms) = postSolution
		{050DF079-358A-42AE-B2EB-DD479D1D360E}.Debug|Any CPU.ActiveCfg = Debug|Any CPU
		{050DF079-358A-42AE-B2EB-DD479D1D360E}.Debug|Any CPU.Build.0 = Debug|Any CPU
		{050DF079-358A-42AE-B2EB-DD479D1D360E}.Release|Any CPU.ActiveCfg = Release|Any CPU
		{050DF079-358A-42AE-B2EB-DD479D1D360E}.Release|Any CPU.Build.0 = Release|Any CPU
		{9DBF1AE1-7712-4906-ACD2-03C13CB6470E}.Debug|Any CPU.ActiveCfg = Debug|Any CPU
		{9DBF1AE1-7712-4906-ACD2-03C13CB6470E}.Debug|Any CPU.Build.0 = Debug|Any CPU
		{9DBF1AE1-7712-4906-ACD2-03C13CB6470E}.Release|Any CPU.ActiveCfg = Release|Any CPU
		{9DBF1AE1-7712-4906-ACD2-03C13CB6470E}.Release|Any CPU.Build.0 = Release|Any CPU
	EndGlobalSection
	GlobalSection(SolutionProperties) = preSolution
		HideSolutionNode = FALSE
	EndGlobalSection
	GlobalSection(ExtensibilityGlobals) = postSolution
		SolutionGuid = {5C30E882-D536-4881-A954-BEB9B9E387D1}
	EndGlobalSection
EndGlobal
